
Microsoft Visual Studio Solution File, Format Version 12.00
# Visual Studio 15
VisualStudioVersion = 15.0.27130.2010
MinimumVisualStudioVersion = 10.0.40219.1
Project("{FAE04EC0-301F-11D3-BF4B-00C04F79EFBC}") = "FriendOrganizer.UI", "FriendOrganizer.UI\FriendOrganizer.UI.csproj", "{96402C66-D0D1-46A1-8D09-231D9A2868DA}"
EndProject
Project("{FAE04EC0-301F-11D3-BF4B-00C04F79EFBC}") = "FriendOrganizer.DataAccess", "FriendOrganizer.DataAccess\FriendOrganizer.DataAccess.csproj", "{4B7221C0-75E8-43A4-BE22-9DDF673DD4A8}"
EndProject
Project("{FAE04EC0-301F-11D3-BF4B-00C04F79EFBC}") = "FriendOrganizer.Model", "FriendOrganizer.Model\FriendOrganizer.Model.csproj", "{BD3A8993-B0F6-413D-8479-D76F0F50BDDB}"
EndProject
Global
	GlobalSection(SolutionConfigurationPlatforms) = preSolution
		Debug|Any CPU = Debug|Any CPU
		Release|Any CPU = Release|Any CPU
	EndGlobalSection
	GlobalSection(ProjectConfigurationPlatforms) = postSolution
		{96402C66-D0D1-46A1-8D09-231D9A2868DA}.Debug|Any CPU.ActiveCfg = Debug|Any CPU
		{96402C66-D0D1-46A1-8D09-231D9A2868DA}.Debug|Any CPU.Build.0 = Debug|Any CPU
		{96402C66-D0D1-46A1-8D09-231D9A2868DA}.Release|Any CPU.ActiveCfg = Release|Any CPU
		{96402C66-D0D1-46A1-8D09-231D9A2868DA}.Release|Any CPU.Build.0 = Release|Any CPU
		{4B7221C0-75E8-43A4-BE22-9DDF673DD4A8}.Debug|Any CPU.ActiveCfg = Debug|Any CPU
		{4B7221C0-75E8-43A4-BE22-9DDF673DD4A8}.Debug|Any CPU.Build.0 = Debug|Any CPU
		{4B7221C0-75E8-43A4-BE22-9DDF673DD4A8}.Release|Any CPU.ActiveCfg = Release|Any CPU
		{4B7221C0-75E8-43A4-BE22-9DDF673DD4A8}.Release|Any CPU.Build.0 = Release|Any CPU
		{BD3A8993-B0F6-413D-8479-D76F0F50BDDB}.Debug|Any CPU.ActiveCfg = Debug|Any CPU
		{BD3A8993-B0F6-413D-8479-D76F0F50BDDB}.Debug|Any CPU.Build.0 = Debug|Any CPU
		{BD3A8993-B0F6-413D-8479-D76F0F50BDDB}.Release|Any CPU.ActiveCfg = Release|Any CPU
		{BD3A8993-B0F6-413D-8479-D76F0F50BDDB}.Release|Any CPU.Build.0 = Release|Any CPU
	EndGlobalSection
	GlobalSection(SolutionProperties) = preSolution
		HideSolutionNode = FALSE
	EndGlobalSection
	GlobalSection(ExtensibilityGlobals) = postSolution
		SolutionGuid = {317EBC79-0F16-46DC-A81A-F646B09A9DDA}
	EndGlobalSection
EndGlobal
